
Microsoft Visual Studio Solution File, Format Version 12.00
# Visual Studio Version 17
VisualStudioVersion = 17.9.34728.123
MinimumVisualStudioVersion = 10.0.40219.1
Project("{FAE04EC0-301F-11D3-BF4B-00C04F79EFBC}") = "PatientCodeGenerator", "PatientCodeGenerator\PatientCodeGenerator.csproj", "{6B563C16-90CC-466A-BE0C-19F02023C169}"
EndProject
Global
	GlobalSection(SolutionConfigurationPlatforms) = preSolution
		Debug|Any CPU = Debug|Any CPU
		Release|Any CPU = Release|Any CPU
	EndGlobalSection
	GlobalSection(ProjectConfigurationPlatforms) = postSolution
		{6B563C16-90CC-466A-BE0C-19F02023C169}.Debug|Any CPU.ActiveCfg = Debug|Any CPU
		{6B563C16-90CC-466A-BE0C-19F02023C169}.Debug|Any CPU.Build.0 = Debug|Any CPU
		{6B563C16-90CC-466A-BE0C-19F02023C169}.Release|Any CPU.ActiveCfg = Release|Any CPU
		{6B563C16-90CC-466A-BE0C-19F02023C169}.Release|Any CPU.Build.0 = Release|Any CPU
	EndGlobalSection
	GlobalSection(SolutionProperties) = preSolution
		HideSolutionNode = FALSE
	EndGlobalSection
	GlobalSection(ExtensibilityGlobals) = postSolution
		SolutionGuid = {F810761C-FD61-4DC7-AECD-A9505960F2EE}
	EndGlobalSection
EndGlobal
